
Microsoft Visual Studio Solution File, Format Version 12.00
# Visual Studio 15
VisualStudioVersion = 15.0.26730.12
MinimumVisualStudioVersion = 10.0.40219.1
Project("{FAE04EC0-301F-11D3-BF4B-00C04F79EFBC}") = "Entities", "Entities\Entities.csproj", "{265CE03C-6FBE-4000-8DA4-D9A601094264}"
EndProject
Project("{FAE04EC0-301F-11D3-BF4B-00C04F79EFBC}") = "Logic", "Logic\Logic.csproj", "{A23B69A8-8A44-48BE-8C6E-6337DCAB49B4}"
EndProject
Project("{FAE04EC0-301F-11D3-BF4B-00C04F79EFBC}") = "DataBase", "DataBase\DataBase.csproj", "{01A97AF4-8354-4010-BD84-690B2C2294A2}"
EndProject
Project("{FAE04EC0-301F-11D3-BF4B-00C04F79EFBC}") = "Server", "Server\Server.csproj", "{27DBF180-8F2A-4473-AC41-5DB94C1B0939}"
EndProject
Project("{FAE04EC0-301F-11D3-BF4B-00C04F79EFBC}") = "Client", "Client\Client.csproj", "{99072861-9A89-4757-A438-1B02D14A7D48}"
EndProject
Project("{FAE04EC0-301F-11D3-BF4B-00C04F79EFBC}") = "Protocol", "Protocol\Protocol.csproj", "{032FDBB8-754D-49E1-AB0D-81BA7CD5C411}"
EndProject
Project("{FAE04EC0-301F-11D3-BF4B-00C04F79EFBC}") = "RemoteService", "RemoteService\RemoteService.csproj", "{04BDD00A-43EE-4879-8ED0-889EC06BD37C}"
EndProject
Project("{FAE04EC0-301F-11D3-BF4B-00C04F79EFBC}") = "RemoteServiceInterfaces", "RemoteServiceInterfaces\RemoteServiceInterfaces.csproj", "{F4DA05AF-B10B-4E40-A084-AC3234CBACD3}"
EndProject
Project("{FAE04EC0-301F-11D3-BF4B-00C04F79EFBC}") = "CourseAPI", "CourseAPI\CourseAPI.csproj", "{BCD0D7FA-FB39-44AB-99FE-0B951FF39B4E}"
EndProject
Project("{FAE04EC0-301F-11D3-BF4B-00C04F79EFBC}") = "LogsAPI", "LogsAPI\LogsAPI.csproj", "{13252310-2C14-493A-B87E-470B08E31874}"
EndProject
Global
	GlobalSection(SolutionConfigurationPlatforms) = preSolution
		Debug|Any CPU = Debug|Any CPU
		Release|Any CPU = Release|Any CPU
	EndGlobalSection
	GlobalSection(ProjectConfigurationPlatforms) = postSolution
		{265CE03C-6FBE-4000-8DA4-D9A601094264}.Debug|Any CPU.ActiveCfg = Debug|Any CPU
		{265CE03C-6FBE-4000-8DA4-D9A601094264}.Debug|Any CPU.Build.0 = Debug|Any CPU
		{265CE03C-6FBE-4000-8DA4-D9A601094264}.Release|Any CPU.ActiveCfg = Release|Any CPU
		{265CE03C-6FBE-4000-8DA4-D9A601094264}.Release|Any CPU.Build.0 = Release|Any CPU
		{A23B69A8-8A44-48BE-8C6E-6337DCAB49B4}.Debug|Any CPU.ActiveCfg = Debug|Any CPU
		{A23B69A8-8A44-48BE-8C6E-6337DCAB49B4}.Debug|Any CPU.Build.0 = Debug|Any CPU
		{A23B69A8-8A44-48BE-8C6E-6337DCAB49B4}.Release|Any CPU.ActiveCfg = Release|Any CPU
		{A23B69A8-8A44-48BE-8C6E-6337DCAB49B4}.Release|Any CPU.Build.0 = Release|Any CPU
		{01A97AF4-8354-4010-BD84-690B2C2294A2}.Debug|Any CPU.ActiveCfg = Debug|Any CPU
		{01A97AF4-8354-4010-BD84-690B2C2294A2}.Debug|Any CPU.Build.0 = Debug|Any CPU
		{01A97AF4-8354-4010-BD84-690B2C2294A2}.Release|Any CPU.ActiveCfg = Release|Any CPU
		{01A97AF4-8354-4010-BD84-690B2C2294A2}.Release|Any CPU.Build.0 = Release|Any CPU
		{27DBF180-8F2A-4473-AC41-5DB94C1B0939}.Debug|Any CPU.ActiveCfg = Debug|Any CPU
		{27DBF180-8F2A-4473-AC41-5DB94C1B0939}.Debug|Any CPU.Build.0 = Debug|Any CPU
		{27DBF180-8F2A-4473-AC41-5DB94C1B0939}.Release|Any CPU.ActiveCfg = Release|Any CPU
		{27DBF180-8F2A-4473-AC41-5DB94C1B0939}.Release|Any CPU.Build.0 = Release|Any CPU
		{99072861-9A89-4757-A438-1B02D14A7D48}.Debug|Any CPU.ActiveCfg = Debug|Any CPU
		{99072861-9A89-4757-A438-1B02D14A7D48}.Debug|Any CPU.Build.0 = Debug|Any CPU
		{99072861-9A89-4757-A438-1B02D14A7D48}.Release|Any CPU.ActiveCfg = Release|Any CPU
		{99072861-9A89-4757-A438-1B02D14A7D48}.Release|Any CPU.Build.0 = Release|Any CPU
		{032FDBB8-754D-49E1-AB0D-81BA7CD5C411}.Debug|Any CPU.ActiveCfg = Debug|Any CPU
		{032FDBB8-754D-49E1-AB0D-81BA7CD5C411}.Debug|Any CPU.Build.0 = Debug|Any CPU
		{032FDBB8-754D-49E1-AB0D-81BA7CD5C411}.Release|Any CPU.ActiveCfg = Release|Any CPU
		{032FDBB8-754D-49E1-AB0D-81BA7CD5C411}.Release|Any CPU.Build.0 = Release|Any CPU
		{04BDD00A-43EE-4879-8ED0-889EC06BD37C}.Debug|Any CPU.ActiveCfg = Debug|Any CPU
		{04BDD00A-43EE-4879-8ED0-889EC06BD37C}.Debug|Any CPU.Build.0 = Debug|Any CPU
		{04BDD00A-43EE-4879-8ED0-889EC06BD37C}.Release|Any CPU.ActiveCfg = Release|Any CPU
		{04BDD00A-43EE-4879-8ED0-889EC06BD37C}.Release|Any CPU.Build.0 = Release|Any CPU
		{F4DA05AF-B10B-4E40-A084-AC3234CBACD3}.Debug|Any CPU.ActiveCfg = Debug|Any CPU
		{F4DA05AF-B10B-4E40-A084-AC3234CBACD3}.Debug|Any CPU.Build.0 = Debug|Any CPU
		{F4DA05AF-B10B-4E40-A084-AC3234CBACD3}.Release|Any CPU.ActiveCfg = Release|Any CPU
		{F4DA05AF-B10B-4E40-A084-AC3234CBACD3}.Release|Any CPU.Build.0 = Release|Any CPU
		{BCD0D7FA-FB39-44AB-99FE-0B951FF39B4E}.Debug|Any CPU.ActiveCfg = Debug|Any CPU
		{BCD0D7FA-FB39-44AB-99FE-0B951FF39B4E}.Debug|Any CPU.Build.0 = Debug|Any CPU
		{BCD0D7FA-FB39-44AB-99FE-0B951FF39B4E}.Release|Any CPU.ActiveCfg = Release|Any CPU
		{BCD0D7FA-FB39-44AB-99FE-0B951FF39B4E}.Release|Any CPU.Build.0 = Release|Any CPU
		{13252310-2C14-493A-B87E-470B08E31874}.Debug|Any CPU.ActiveCfg = Debug|Any CPU
		{13252310-2C14-493A-B87E-470B08E31874}.Debug|Any CPU.Build.0 = Debug|Any CPU
		{13252310-2C14-493A-B87E-470B08E31874}.Release|Any CPU.ActiveCfg = Release|Any CPU
		{13252310-2C14-493A-B87E-470B08E31874}.Release|Any CPU.Build.0 = Release|Any CPU
	EndGlobalSection
	GlobalSection(SolutionProperties) = preSolution
		HideSolutionNode = FALSE
	EndGlobalSection
	GlobalSection(ExtensibilityGlobals) = postSolution
		SolutionGuid = {2B12F0CC-CE4E-4CED-AA9D-1B8CF2B01AF5}
	EndGlobalSection
EndGlobal
